
Microsoft Visual Studio Solution File, Format Version 12.00
# Visual Studio Version 16
VisualStudioVersion = 16.0.30717.126
MinimumVisualStudioVersion = 10.0.40219.1
Project("{9A19103F-16F7-4668-BE54-9A1E7A4F7556}") = "Halwani", "Halwani\Halwani.csproj", "{216A4D5E-C002-49CD-A77F-C4C33745ED62}"
EndProject
Project("{9A19103F-16F7-4668-BE54-9A1E7A4F7556}") = "Halwani.Data", "Halwani.Data\Halwani.Data.csproj", "{9331A06F-863D-486E-948F-368CC572EE29}"
EndProject
Project("{9A19103F-16F7-4668-BE54-9A1E7A4F7556}") = "Halwani.Utilites", "Halwani.Utilites\Halwani.Utilites.csproj", "{256DF93E-10C9-49FB-B81F-198AD37F70DD}"
EndProject
Project("{9A19103F-16F7-4668-BE54-9A1E7A4F7556}") = "Halwani.Core", "Halwani.Core\Halwani.Core.csproj", "{65F6EF26-E709-4187-B68A-B1FE8FE6CB16}"
EndProject
Project("{FAE04EC0-301F-11D3-BF4B-00C04F79EFBC}") = "Halwani.CoreTests", "Halwani.CoreTests\Halwani.CoreTests.csproj", "{64B373E6-053D-4266-AECD-61A4332F8EEA}"
EndProject
Global
	GlobalSection(SolutionConfigurationPlatforms) = preSolution
		Debug|Any CPU = Debug|Any CPU
		Release|Any CPU = Release|Any CPU
	EndGlobalSection
	GlobalSection(ProjectConfigurationPlatforms) = postSolution
		{216A4D5E-C002-49CD-A77F-C4C33745ED62}.Debug|Any CPU.ActiveCfg = Debug|Any CPU
		{216A4D5E-C002-49CD-A77F-C4C33745ED62}.Debug|Any CPU.Build.0 = Debug|Any CPU
		{216A4D5E-C002-49CD-A77F-C4C33745ED62}.Release|Any CPU.ActiveCfg = Release|Any CPU
		{216A4D5E-C002-49CD-A77F-C4C33745ED62}.Release|Any CPU.Build.0 = Release|Any CPU
		{9331A06F-863D-486E-948F-368CC572EE29}.Debug|Any CPU.ActiveCfg = Debug|Any CPU
		{9331A06F-863D-486E-948F-368CC572EE29}.Debug|Any CPU.Build.0 = Debug|Any CPU
		{9331A06F-863D-486E-948F-368CC572EE29}.Release|Any CPU.ActiveCfg = Release|Any CPU
		{9331A06F-863D-486E-948F-368CC572EE29}.Release|Any CPU.Build.0 = Release|Any CPU
		{256DF93E-10C9-49FB-B81F-198AD37F70DD}.Debug|Any CPU.ActiveCfg = Debug|Any CPU
		{256DF93E-10C9-49FB-B81F-198AD37F70DD}.Debug|Any CPU.Build.0 = Debug|Any CPU
		{256DF93E-10C9-49FB-B81F-198AD37F70DD}.Release|Any CPU.ActiveCfg = Release|Any CPU
		{256DF93E-10C9-49FB-B81F-198AD37F70DD}.Release|Any CPU.Build.0 = Release|Any CPU
		{65F6EF26-E709-4187-B68A-B1FE8FE6CB16}.Debug|Any CPU.ActiveCfg = Debug|Any CPU
		{65F6EF26-E709-4187-B68A-B1FE8FE6CB16}.Debug|Any CPU.Build.0 = Debug|Any CPU
		{65F6EF26-E709-4187-B68A-B1FE8FE6CB16}.Release|Any CPU.ActiveCfg = Release|Any CPU
		{65F6EF26-E709-4187-B68A-B1FE8FE6CB16}.Release|Any CPU.Build.0 = Release|Any CPU
		{64B373E6-053D-4266-AECD-61A4332F8EEA}.Debug|Any CPU.ActiveCfg = Debug|Any CPU
		{64B373E6-053D-4266-AECD-61A4332F8EEA}.Debug|Any CPU.Build.0 = Debug|Any CPU
		{64B373E6-053D-4266-AECD-61A4332F8EEA}.Release|Any CPU.ActiveCfg = Release|Any CPU
		{64B373E6-053D-4266-AECD-61A4332F8EEA}.Release|Any CPU.Build.0 = Release|Any CPU
	EndGlobalSection
	GlobalSection(SolutionProperties) = preSolution
		HideSolutionNode = FALSE
	EndGlobalSection
	GlobalSection(ExtensibilityGlobals) = postSolution
		SolutionGuid = {9CF8E094-B659-4E9A-A10D-7105AA98E535}
	EndGlobalSection
EndGlobal
